
Microsoft Visual Studio Solution File, Format Version 12.00
# Visual Studio Version 16
VisualStudioVersion = 16.0.29418.71
MinimumVisualStudioVersion = 10.0.40219.1
Project("{FAE04EC0-301F-11D3-BF4B-00C04F79EFBC}") = "Quadratic equation", "Quadratic equation.csproj", "{6458EEBF-D17D-4556-9BC6-B6167BAC833E}"
EndProject
Global
	GlobalSection(SolutionConfigurationPlatforms) = preSolution
		Debug|Any CPU = Debug|Any CPU
		Release|Any CPU = Release|Any CPU
	EndGlobalSection
	GlobalSection(ProjectConfigurationPlatforms) = postSolution
		{6458EEBF-D17D-4556-9BC6-B6167BAC833E}.Debug|Any CPU.ActiveCfg = Debug|Any CPU
		{6458EEBF-D17D-4556-9BC6-B6167BAC833E}.Debug|Any CPU.Build.0 = Debug|Any CPU
		{6458EEBF-D17D-4556-9BC6-B6167BAC833E}.Release|Any CPU.ActiveCfg = Release|Any CPU
		{6458EEBF-D17D-4556-9BC6-B6167BAC833E}.Release|Any CPU.Build.0 = Release|Any CPU
	EndGlobalSection
	GlobalSection(SolutionProperties) = preSolution
		HideSolutionNode = FALSE
	EndGlobalSection
	GlobalSection(ExtensibilityGlobals) = postSolution
		SolutionGuid = {23E6B01A-0E01-435D-9C5F-9F2AE5086326}
	EndGlobalSection
EndGlobal
